
Microsoft Visual Studio Solution File, Format Version 12.00
# Visual Studio Version 18
VisualStudioVersion = 18.3.11512.155
MinimumVisualStudioVersion = 10.0.40219.1
Project("{FAE04EC0-301F-11D3-BF4B-00C04F79EFBC}") = "EasySave", "EasySave\EasySave.csproj", "{A79ADCAC-EE6D-44B8-A0F3-D11D36D0A987}"
EndProject
Project("{FAE04EC0-301F-11D3-BF4B-00C04F79EFBC}") = "EasyLog", "EasyLog\EasyLog.csproj", "{9B8A96CD-AB58-4CFB-ADE2-D6110D42C170}"
EndProject
Project("{FAE04EC0-301F-11D3-BF4B-00C04F79EFBC}") = "EasyLogAPI", "EasyLogAPI\EasyLogAPI.csproj", "{FE38829F-49BA-4144-AB6B-61DE0C97B8A2}"
EndProject
Project("{FAE04EC0-301F-11D3-BF4B-00C04F79EFBC}") = "EasySave.Test", "EasySave.Test\EasySave.Test.csproj", "{FAD66C1D-C7EE-4965-BA4A-4F68FA75477A}"
EndProject
Global
	GlobalSection(SolutionConfigurationPlatforms) = preSolution
		Debug|Any CPU = Debug|Any CPU
		Release|Any CPU = Release|Any CPU
	EndGlobalSection
	GlobalSection(ProjectConfigurationPlatforms) = postSolution
		{A79ADCAC-EE6D-44B8-A0F3-D11D36D0A987}.Debug|Any CPU.ActiveCfg = Debug|Any CPU
		{A79ADCAC-EE6D-44B8-A0F3-D11D36D0A987}.Debug|Any CPU.Build.0 = Debug|Any CPU
		{A79ADCAC-EE6D-44B8-A0F3-D11D36D0A987}.Release|Any CPU.ActiveCfg = Release|Any CPU
		{A79ADCAC-EE6D-44B8-A0F3-D11D36D0A987}.Release|Any CPU.Build.0 = Release|Any CPU
		{9B8A96CD-AB58-4CFB-ADE2-D6110D42C170}.Debug|Any CPU.ActiveCfg = Debug|Any CPU
		{9B8A96CD-AB58-4CFB-ADE2-D6110D42C170}.Debug|Any CPU.Build.0 = Debug|Any CPU
		{9B8A96CD-AB58-4CFB-ADE2-D6110D42C170}.Release|Any CPU.ActiveCfg = Release|Any CPU
		{9B8A96CD-AB58-4CFB-ADE2-D6110D42C170}.Release|Any CPU.Build.0 = Release|Any CPU
		{FE38829F-49BA-4144-AB6B-61DE0C97B8A2}.Debug|Any CPU.ActiveCfg = Debug|Any CPU
		{FE38829F-49BA-4144-AB6B-61DE0C97B8A2}.Debug|Any CPU.Build.0 = Debug|Any CPU
		{FE38829F-49BA-4144-AB6B-61DE0C97B8A2}.Release|Any CPU.ActiveCfg = Release|Any CPU
		{FE38829F-49BA-4144-AB6B-61DE0C97B8A2}.Release|Any CPU.Build.0 = Release|Any CPU
		{FAD66C1D-C7EE-4965-BA4A-4F68FA75477A}.Debug|Any CPU.ActiveCfg = Debug|Any CPU
		{FAD66C1D-C7EE-4965-BA4A-4F68FA75477A}.Debug|Any CPU.Build.0 = Debug|Any CPU
		{FAD66C1D-C7EE-4965-BA4A-4F68FA75477A}.Release|Any CPU.ActiveCfg = Release|Any CPU
		{FAD66C1D-C7EE-4965-BA4A-4F68FA75477A}.Release|Any CPU.Build.0 = Release|Any CPU
	EndGlobalSection
	GlobalSection(SolutionProperties) = preSolution
		HideSolutionNode = FALSE
	EndGlobalSection
	GlobalSection(ExtensibilityGlobals) = postSolution
		SolutionGuid = {CF6534AB-9E79-4EFE-B223-A82F127C0B1D}
	EndGlobalSection
EndGlobal
